
Microsoft Visual Studio Solution File, Format Version 12.00
# Visual Studio Version 17
VisualStudioVersion = 17.3.32929.385
MinimumVisualStudioVersion = 10.0.40219.1
Project("{FAE04EC0-301F-11D3-BF4B-00C04F79EFBC}") = "FNAF 1 Remake", "FNAF 2D Engine\FNAF 1 Remake.csproj", "{366B1E8D-9DA5-4C8F-914A-9675A86CA4A4}"
EndProject
Global
	GlobalSection(SolutionConfigurationPlatforms) = preSolution
		Debug|Any CPU = Debug|Any CPU
		Release|Any CPU = Release|Any CPU
	EndGlobalSection
	GlobalSection(ProjectConfigurationPlatforms) = postSolution
		{366B1E8D-9DA5-4C8F-914A-9675A86CA4A4}.Debug|Any CPU.ActiveCfg = Debug|Any CPU
		{366B1E8D-9DA5-4C8F-914A-9675A86CA4A4}.Debug|Any CPU.Build.0 = Debug|Any CPU
		{366B1E8D-9DA5-4C8F-914A-9675A86CA4A4}.Release|Any CPU.ActiveCfg = Release|Any CPU
		{366B1E8D-9DA5-4C8F-914A-9675A86CA4A4}.Release|Any CPU.Build.0 = Release|Any CPU
	EndGlobalSection
	GlobalSection(SolutionProperties) = preSolution
		HideSolutionNode = FALSE
	EndGlobalSection
	GlobalSection(ExtensibilityGlobals) = postSolution
		SolutionGuid = {231C3D14-C0B9-4A3B-B06F-52B3A99EAEAF}
	EndGlobalSection
EndGlobal
